{
  "name": "BPAutoGachNo",
  "lockfileVersion": 3,
  "requires": true,
  "packages": {
    "": {
      "dependencies": {
        "pnpm": "^11.1.0"
      }
    },
    "node_modules/pnpm": {
      "version": "11.1.0",
      "resolved": "https://registry.npmjs.org/pnpm/-/pnpm-11.1.0.tgz",
      "integrity": "sha512-DEToQuVoaywGGoGt2osiWL2IGOlwSyzyxj1WuTGnsukQCS4IUCcAO5bKORGrVqB/bfWrrtK+mSUDTN1oalNbFA==",
      "license": "MIT",
      "bin": {
        "pn": "bin/pnpm.mjs",
        "pnpm": "bin/pnpm.mjs",
        "pnpx": "bin/pnpx.mjs",
        "pnx": "bin/pnpx.mjs"
      },
      "engines": {
        "node": ">=22.13"
      },
      "funding": {
        "url": "https://opencollective.com/pnpm"
      }
    }
  }
}
